
Microsoft Visual Studio Solution File, Format Version 11.00
# Visual Studio 2010
Project("{FAE04EC0-301F-11D3-BF4B-00C04F79EFBC}") = "OculusCam", "OculusCam.csproj", "{914738E9-5026-46BC-A8BE-D587595CB37A}"
EndProject
Project("{FAE04EC0-301F-11D3-BF4B-00C04F79EFBC}") = "MjpegProcessor", "MjpegProcessor\MjpegProcessor.csproj", "{ADC20CFA-93C9-4F69-A7B7-D19CF455A9D5}"
EndProject
Global
	GlobalSection(SolutionConfigurationPlatforms) = preSolution
		Debug|Any CPU = Debug|Any CPU
		Debug|Mixed Platforms = Debug|Mixed Platforms
		Debug|x86 = Debug|x86
		Release|Any CPU = Release|Any CPU
		Release|Mixed Platforms = Release|Mixed Platforms
		Release|x86 = Release|x86
	EndGlobalSection
	GlobalSection(ProjectConfigurationPlatforms) = postSolution
		{914738E9-5026-46BC-A8BE-D587595CB37A}.Debug|Any CPU.ActiveCfg = Debug|x86
		{914738E9-5026-46BC-A8BE-D587595CB37A}.Debug|Mixed Platforms.ActiveCfg = Debug|x86
		{914738E9-5026-46BC-A8BE-D587595CB37A}.Debug|Mixed Platforms.Build.0 = Debug|x86
		{914738E9-5026-46BC-A8BE-D587595CB37A}.Debug|x86.ActiveCfg = Debug|x86
		{914738E9-5026-46BC-A8BE-D587595CB37A}.Debug|x86.Build.0 = Debug|x86
		{914738E9-5026-46BC-A8BE-D587595CB37A}.Release|Any CPU.ActiveCfg = Release|x86
		{914738E9-5026-46BC-A8BE-D587595CB37A}.Release|Mixed Platforms.ActiveCfg = Release|x86
		{914738E9-5026-46BC-A8BE-D587595CB37A}.Release|Mixed Platforms.Build.0 = Release|x86
		{914738E9-5026-46BC-A8BE-D587595CB37A}.Release|x86.ActiveCfg = Release|x86
		{914738E9-5026-46BC-A8BE-D587595CB37A}.Release|x86.Build.0 = Release|x86
		{ADC20CFA-93C9-4F69-A7B7-D19CF455A9D5}.Debug|Any CPU.ActiveCfg = Debug|Any CPU
		{ADC20CFA-93C9-4F69-A7B7-D19CF455A9D5}.Debug|Any CPU.Build.0 = Debug|Any CPU
		{ADC20CFA-93C9-4F69-A7B7-D19CF455A9D5}.Debug|Mixed Platforms.ActiveCfg = Debug|Any CPU
		{ADC20CFA-93C9-4F69-A7B7-D19CF455A9D5}.Debug|Mixed Platforms.Build.0 = Debug|Any CPU
		{ADC20CFA-93C9-4F69-A7B7-D19CF455A9D5}.Debug|x86.ActiveCfg = Debug|Any CPU
		{ADC20CFA-93C9-4F69-A7B7-D19CF455A9D5}.Release|Any CPU.ActiveCfg = Release|Any CPU
		{ADC20CFA-93C9-4F69-A7B7-D19CF455A9D5}.Release|Any CPU.Build.0 = Release|Any CPU
		{ADC20CFA-93C9-4F69-A7B7-D19CF455A9D5}.Release|Mixed Platforms.ActiveCfg = Release|Any CPU
		{ADC20CFA-93C9-4F69-A7B7-D19CF455A9D5}.Release|Mixed Platforms.Build.0 = Release|Any CPU
		{ADC20CFA-93C9-4F69-A7B7-D19CF455A9D5}.Release|x86.ActiveCfg = Release|Any CPU
	EndGlobalSection
	GlobalSection(SolutionProperties) = preSolution
		HideSolutionNode = FALSE
	EndGlobalSection
EndGlobal
